// !$*UTF8*$!
{
	archiveVersion = 1;
	classes = {
	};
	objectVersion = 46;
	objects = {

/* Begin PBXBuildFile section */
		A9214E601653448100315E60 /* libsvg2.a in Frameworks */ = {isa = PBXBuildFile; fileRef = A9214E38165343D500315E60 /* libsvg2.a */; };
		A9214E75165344CF00315E60 /* svg_parser.h in Headers */ = {isa = PBXBuildFile; fileRef = A9214E65165344CF00315E60 /* svg_parser.h */; };
		A9214E76165344CF00315E60 /* svg_parser_circle.h in Headers */ = {isa = PBXBuildFile; fileRef = A9214E66165344CF00315E60 /* svg_parser_circle.h */; };
		A9214E77165344CF00315E60 /* svg_parser_desc.h in Headers */ = {isa = PBXBuildFile; fileRef = A9214E67165344CF00315E60 /* svg_parser_desc.h */; };
		A9214E78165344CF00315E60 /* svg_parser_ellipse.h in Headers */ = {isa = PBXBuildFile; fileRef = A9214E68165344CF00315E60 /* svg_parser_ellipse.h */; };
		A9214E79165344CF00315E60 /* svg_parser_group.h in Headers */ = {isa = PBXBuildFile; fileRef = A9214E69165344CF00315E60 /* svg_parser_group.h */; };
		A9214E7A165344CF00315E60 /* svg_parser_line.h in Headers */ = {isa = PBXBuildFile; fileRef = A9214E6A165344CF00315E60 /* svg_parser_line.h */; };
		A9214E7B165344CF00315E60 /* svg_parser_path.h in Headers */ = {isa = PBXBuildFile; fileRef = A9214E6B165344CF00315E60 /* svg_parser_path.h */; };
		A9214E7C165344CF00315E60 /* svg_parser_polygon.h in Headers */ = {isa = PBXBuildFile; fileRef = A9214E6C165344CF00315E60 /* svg_parser_polygon.h */; };
		A9214E7D165344CF00315E60 /* svg_parser_polyline.h in Headers */ = {isa = PBXBuildFile; fileRef = A9214E6D165344CF00315E60 /* svg_parser_polyline.h */; };
		A9214E7E165344CF00315E60 /* svg_parser_rect.h in Headers */ = {isa = PBXBuildFile; fileRef = A9214E6E165344CF00315E60 /* svg_parser_rect.h */; };
		A9214E7F165344CF00315E60 /* svg_parser_title.h in Headers */ = {isa = PBXBuildFile; fileRef = A9214E6F165344CF00315E60 /* svg_parser_title.h */; };
		A9214E80165344CF00315E60 /* svg.h in Headers */ = {isa = PBXBuildFile; fileRef = A9214E70165344CF00315E60 /* svg.h */; };
		A9214E81165344CF00315E60 /* svg_errors.h in Headers */ = {isa = PBXBuildFile; fileRef = A9214E71165344CF00315E60 /* svg_errors.h */; };
		A9214E82165344CF00315E60 /* svg_string.h in Headers */ = {isa = PBXBuildFile; fileRef = A9214E72165344CF00315E60 /* svg_string.h */; };
		A9214E83165344CF00315E60 /* svg_types.h in Headers */ = {isa = PBXBuildFile; fileRef = A9214E73165344CF00315E60 /* svg_types.h */; };
		A9214E84165344CF00315E60 /* svg_xml.h in Headers */ = {isa = PBXBuildFile; fileRef = A9214E74165344CF00315E60 /* svg_xml.h */; };
		A9214E99165344E400315E60 /* svg_parser.c in Sources */ = {isa = PBXBuildFile; fileRef = A9214E88165344E400315E60 /* svg_parser.c */; };
		A9214E9A165344E400315E60 /* svg_parser_circle.c in Sources */ = {isa = PBXBuildFile; fileRef = A9214E89165344E400315E60 /* svg_parser_circle.c */; };
		A9214E9B165344E400315E60 /* svg_parser_desc.c in Sources */ = {isa = PBXBuildFile; fileRef = A9214E8A165344E400315E60 /* svg_parser_desc.c */; };
		A9214E9C165344E400315E60 /* svg_parser_ellipse.c in Sources */ = {isa = PBXBuildFile; fileRef = A9214E8B165344E400315E60 /* svg_parser_ellipse.c */; };
		A9214E9D165344E400315E60 /* svg_parser_group.c in Sources */ = {isa = PBXBuildFile; fileRef = A9214E8C165344E400315E60 /* svg_parser_group.c */; };
		A9214E9E165344E400315E60 /* svg_parser_line.c in Sources */ = {isa = PBXBuildFile; fileRef = A9214E8D165344E400315E60 /* svg_parser_line.c */; };
		A9214E9F165344E400315E60 /* svg_parser_path.c in Sources */ = {isa = PBXBuildFile; fileRef = A9214E8E165344E400315E60 /* svg_parser_path.c */; };
		A9214EA0165344E400315E60 /* svg_parser_polygon.c in Sources */ = {isa = PBXBuildFile; fileRef = A9214E8F165344E400315E60 /* svg_parser_polygon.c */; };
		A9214EA1165344E400315E60 /* svg_parser_polyline.c in Sources */ = {isa = PBXBuildFile; fileRef = A9214E90165344E400315E60 /* svg_parser_polyline.c */; };
		A9214EA2165344E400315E60 /* svg_parser_rect.c in Sources */ = {isa = PBXBuildFile; fileRef = A9214E91165344E400315E60 /* svg_parser_rect.c */; };
		A9214EA3165344E400315E60 /* svg_parser_title.c in Sources */ = {isa = PBXBuildFile; fileRef = A9214E92165344E400315E60 /* svg_parser_title.c */; };
		A9214EA4165344E400315E60 /* svg.c in Sources */ = {isa = PBXBuildFile; fileRef = A9214E93165344E400315E60 /* svg.c */; };
		A9214EA5165344E400315E60 /* svg_errors.c in Sources */ = {isa = PBXBuildFile; fileRef = A9214E94165344E400315E60 /* svg_errors.c */; };
		A9214EA6165344E400315E60 /* svg_string.c in Sources */ = {isa = PBXBuildFile; fileRef = A9214E95165344E400315E60 /* svg_string.c */; };
		A9214EA7165344E400315E60 /* svg_types.c in Sources */ = {isa = PBXBuildFile; fileRef = A9214E96165344E400315E60 /* svg_types.c */; };
		A9214EA8165344E400315E60 /* svg_xml.c in Sources */ = {isa = PBXBuildFile; fileRef = A9214E97165344E400315E60 /* svg_xml.c */; };
		A9214EAA1653453100315E60 /* libxml2.dylib in Frameworks */ = {isa = PBXBuildFile; fileRef = A9214EA91653453100315E60 /* libxml2.dylib */; };
		A9214EB91657952900315E60 /* polygon.cpp in Sources */ = {isa = PBXBuildFile; fileRef = A9214EB71657952900315E60 /* polygon.cpp */; };
		A9214EBC1657957900315E60 /* point.cpp in Sources */ = {isa = PBXBuildFile; fileRef = A9214EBA1657957900315E60 /* point.cpp */; };
		A9214EBF1657965800315E60 /* vector.cpp in Sources */ = {isa = PBXBuildFile; fileRef = A9214EBD1657965800315E60 /* vector.cpp */; };
		A9214EC216579CF500315E60 /* serialization.cpp in Sources */ = {isa = PBXBuildFile; fileRef = A9214EC016579CF500315E60 /* serialization.cpp */; };
		A9214EC51657A3AF00315E60 /* bezier.cpp in Sources */ = {isa = PBXBuildFile; fileRef = A9214EC31657A3AF00315E60 /* bezier.cpp */; };
		A9214EE01658666400315E60 /* bezier_test.cpp in Sources */ = {isa = PBXBuildFile; fileRef = A9214EC71658617400315E60 /* bezier_test.cpp */; };
		A9214EE21658678600315E60 /* polygon.cpp in Sources */ = {isa = PBXBuildFile; fileRef = A9214EB71657952900315E60 /* polygon.cpp */; };
		A9214EE31658678600315E60 /* point.cpp in Sources */ = {isa = PBXBuildFile; fileRef = A9214EBA1657957900315E60 /* point.cpp */; };
		A9214EE41658678600315E60 /* vector.cpp in Sources */ = {isa = PBXBuildFile; fileRef = A9214EBD1657965800315E60 /* vector.cpp */; };
		A9214EE51658678600315E60 /* serialization.cpp in Sources */ = {isa = PBXBuildFile; fileRef = A9214EC016579CF500315E60 /* serialization.cpp */; };
		A9214EE61658678600315E60 /* bezier.cpp in Sources */ = {isa = PBXBuildFile; fileRef = A9214EC31657A3AF00315E60 /* bezier.cpp */; };
		A9214EE816586AAB00315E60 /* Makefile in Sources */ = {isa = PBXBuildFile; fileRef = A9214EE716586AAB00315E60 /* Makefile */; };
		A9214EE9165876B000315E60 /* runner.cpp in Sources */ = {isa = PBXBuildFile; fileRef = A9214ED81658640F00315E60 /* runner.cpp */; };
		A9214EEB16587AEC00315E60 /* poly.cpp in Sources */ = {isa = PBXBuildFile; fileRef = A9214EEA16587AEC00315E60 /* poly.cpp */; };
		A9214EEF1658AC9100315E60 /* libboost_unit_test_framework-mt.dylib in Frameworks */ = {isa = PBXBuildFile; fileRef = A9214EEE1658AC9100315E60 /* libboost_unit_test_framework-mt.dylib */; };
/* End PBXBuildFile section */

/* Begin PBXContainerItemProxy section */
		A9214E611653448800315E60 /* PBXContainerItemProxy */ = {
			isa = PBXContainerItemProxy;
			containerPortal = A9214E141653438F00315E60 /* Project object */;
			proxyType = 1;
			remoteGlobalIDString = A9214E37165343D500315E60;
			remoteInfo = libsvg2;
		};
/* End PBXContainerItemProxy section */

/* Begin PBXCopyFilesBuildPhase section */
		A9214E1B1653438F00315E60 /* CopyFiles */ = {
			isa = PBXCopyFilesBuildPhase;
			buildActionMask = 2147483647;
			dstPath = /usr/share/man/man1/;
			dstSubfolderSpec = 0;
			files = (
			);
			runOnlyForDeploymentPostprocessing = 1;
		};
		A9214ECC165863A600315E60 /* CopyFiles */ = {
			isa = PBXCopyFilesBuildPhase;
			buildActionMask = 2147483647;
			dstPath = /usr/share/man/man1/;
			dstSubfolderSpec = 0;
			files = (
			);
			runOnlyForDeploymentPostprocessing = 1;
		};
/* End PBXCopyFilesBuildPhase section */

/* Begin PBXFileReference section */
		A9214E1D1653438F00315E60 /* poly */ = {isa = PBXFileReference; explicitFileType = "compiled.mach-o.executable"; includeInIndex = 0; path = poly; sourceTree = BUILT_PRODUCTS_DIR; };
		A9214E38165343D500315E60 /* libsvg2.a */ = {isa = PBXFileReference; explicitFileType = archive.ar; includeInIndex = 0; path = libsvg2.a; sourceTree = BUILT_PRODUCTS_DIR; };
		A9214E65165344CF00315E60 /* svg_parser.h */ = {isa = PBXFileReference; fileEncoding = 4; lastKnownFileType = sourcecode.c.h; path = svg_parser.h; sourceTree = "<group>"; };
		A9214E66165344CF00315E60 /* svg_parser_circle.h */ = {isa = PBXFileReference; fileEncoding = 4; lastKnownFileType = sourcecode.c.h; path = svg_parser_circle.h; sourceTree = "<group>"; };
		A9214E67165344CF00315E60 /* svg_parser_desc.h */ = {isa = PBXFileReference; fileEncoding = 4; lastKnownFileType = sourcecode.c.h; path = svg_parser_desc.h; sourceTree = "<group>"; };
		A9214E68165344CF00315E60 /* svg_parser_ellipse.h */ = {isa = PBXFileReference; fileEncoding = 4; lastKnownFileType = sourcecode.c.h; path = svg_parser_ellipse.h; sourceTree = "<group>"; };
		A9214E69165344CF00315E60 /* svg_parser_group.h */ = {isa = PBXFileReference; fileEncoding = 4; lastKnownFileType = sourcecode.c.h; path = svg_parser_group.h; sourceTree = "<group>"; };
		A9214E6A165344CF00315E60 /* svg_parser_line.h */ = {isa = PBXFileReference; fileEncoding = 4; lastKnownFileType = sourcecode.c.h; path = svg_parser_line.h; sourceTree = "<group>"; };
		A9214E6B165344CF00315E60 /* svg_parser_path.h */ = {isa = PBXFileReference; fileEncoding = 4; lastKnownFileType = sourcecode.c.h; path = svg_parser_path.h; sourceTree = "<group>"; };
		A9214E6C165344CF00315E60 /* svg_parser_polygon.h */ = {isa = PBXFileReference; fileEncoding = 4; lastKnownFileType = sourcecode.c.h; path = svg_parser_polygon.h; sourceTree = "<group>"; };
		A9214E6D165344CF00315E60 /* svg_parser_polyline.h */ = {isa = PBXFileReference; fileEncoding = 4; lastKnownFileType = sourcecode.c.h; path = svg_parser_polyline.h; sourceTree = "<group>"; };
		A9214E6E165344CF00315E60 /* svg_parser_rect.h */ = {isa = PBXFileReference; fileEncoding = 4; lastKnownFileType = sourcecode.c.h; path = svg_parser_rect.h; sourceTree = "<group>"; };
		A9214E6F165344CF00315E60 /* svg_parser_title.h */ = {isa = PBXFileReference; fileEncoding = 4; lastKnownFileType = sourcecode.c.h; path = svg_parser_title.h; sourceTree = "<group>"; };
		A9214E70165344CF00315E60 /* svg.h */ = {isa = PBXFileReference; fileEncoding = 4; lastKnownFileType = sourcecode.c.h; path = svg.h; sourceTree = "<group>"; };
		A9214E71165344CF00315E60 /* svg_errors.h */ = {isa = PBXFileReference; fileEncoding = 4; lastKnownFileType = sourcecode.c.h; path = svg_errors.h; sourceTree = "<group>"; };
		A9214E72165344CF00315E60 /* svg_string.h */ = {isa = PBXFileReference; fileEncoding = 4; lastKnownFileType = sourcecode.c.h; path = svg_string.h; sourceTree = "<group>"; };
		A9214E73165344CF00315E60 /* svg_types.h */ = {isa = PBXFileReference; fileEncoding = 4; lastKnownFileType = sourcecode.c.h; path = svg_types.h; sourceTree = "<group>"; };
		A9214E74165344CF00315E60 /* svg_xml.h */ = {isa = PBXFileReference; fileEncoding = 4; lastKnownFileType = sourcecode.c.h; path = svg_xml.h; sourceTree = "<group>"; };
		A9214E86165344E400315E60 /* Makefile */ = {isa = PBXFileReference; fileEncoding = 4; lastKnownFileType = sourcecode.make; path = Makefile; sourceTree = "<group>"; };
		A9214E88165344E400315E60 /* svg_parser.c */ = {isa = PBXFileReference; fileEncoding = 4; lastKnownFileType = sourcecode.c.c; path = svg_parser.c; sourceTree = "<group>"; };
		A9214E89165344E400315E60 /* svg_parser_circle.c */ = {isa = PBXFileReference; fileEncoding = 4; lastKnownFileType = sourcecode.c.c; path = svg_parser_circle.c; sourceTree = "<group>"; };
		A9214E8A165344E400315E60 /* svg_parser_desc.c */ = {isa = PBXFileReference; fileEncoding = 4; lastKnownFileType = sourcecode.c.c; path = svg_parser_desc.c; sourceTree = "<group>"; };
		A9214E8B165344E400315E60 /* svg_parser_ellipse.c */ = {isa = PBXFileReference; fileEncoding = 4; lastKnownFileType = sourcecode.c.c; path = svg_parser_ellipse.c; sourceTree = "<group>"; };
		A9214E8C165344E400315E60 /* svg_parser_group.c */ = {isa = PBXFileReference; fileEncoding = 4; lastKnownFileType = sourcecode.c.c; path = svg_parser_group.c; sourceTree = "<group>"; };
		A9214E8D165344E400315E60 /* svg_parser_line.c */ = {isa = PBXFileReference; fileEncoding = 4; lastKnownFileType = sourcecode.c.c; path = svg_parser_line.c; sourceTree = "<group>"; };
		A9214E8E165344E400315E60 /* svg_parser_path.c */ = {isa = PBXFileReference; fileEncoding = 4; lastKnownFileType = sourcecode.c.c; path = svg_parser_path.c; sourceTree = "<group>"; };
		A9214E8F165344E400315E60 /* svg_parser_polygon.c */ = {isa = PBXFileReference; fileEncoding = 4; lastKnownFileType = sourcecode.c.c; path = svg_parser_polygon.c; sourceTree = "<group>"; };
		A9214E90165344E400315E60 /* svg_parser_polyline.c */ = {isa = PBXFileReference; fileEncoding = 4; lastKnownFileType = sourcecode.c.c; path = svg_parser_polyline.c; sourceTree = "<group>"; };
		A9214E91165344E400315E60 /* svg_parser_rect.c */ = {isa = PBXFileReference; fileEncoding = 4; lastKnownFileType = sourcecode.c.c; path = svg_parser_rect.c; sourceTree = "<group>"; };
		A9214E92165344E400315E60 /* svg_parser_title.c */ = {isa = PBXFileReference; fileEncoding = 4; lastKnownFileType = sourcecode.c.c; path = svg_parser_title.c; sourceTree = "<group>"; };
		A9214E93165344E400315E60 /* svg.c */ = {isa = PBXFileReference; fileEncoding = 4; lastKnownFileType = sourcecode.c.c; path = svg.c; sourceTree = "<group>"; };
		A9214E94165344E400315E60 /* svg_errors.c */ = {isa = PBXFileReference; fileEncoding = 4; lastKnownFileType = sourcecode.c.c; path = svg_errors.c; sourceTree = "<group>"; };
		A9214E95165344E400315E60 /* svg_string.c */ = {isa = PBXFileReference; fileEncoding = 4; lastKnownFileType = sourcecode.c.c; path = svg_string.c; sourceTree = "<group>"; };
		A9214E96165344E400315E60 /* svg_types.c */ = {isa = PBXFileReference; fileEncoding = 4; lastKnownFileType = sourcecode.c.c; path = svg_types.c; sourceTree = "<group>"; };
		A9214E97165344E400315E60 /* svg_xml.c */ = {isa = PBXFileReference; fileEncoding = 4; lastKnownFileType = sourcecode.c.c; path = svg_xml.c; sourceTree = "<group>"; };
		A9214EA91653453100315E60 /* libxml2.dylib */ = {isa = PBXFileReference; lastKnownFileType = "compiled.mach-o.dylib"; name = libxml2.dylib; path = usr/lib/libxml2.dylib; sourceTree = SDKROOT; };
		A9214EAC1653455100315E60 /* AZ0016_1.svg */ = {isa = PBXFileReference; lastKnownFileType = text.xml; path = AZ0016_1.svg; sourceTree = "<group>"; };
		A9214EAD1653455100315E60 /* CA1820_1.svg */ = {isa = PBXFileReference; lastKnownFileType = text.xml; path = CA1820_1.svg; sourceTree = "<group>"; };
		A9214EAE1653455100315E60 /* CA1820_2.svg */ = {isa = PBXFileReference; lastKnownFileType = text.xml; path = CA1820_2.svg; sourceTree = "<group>"; };
		A9214EB41653468C00315E60 /* Makefile */ = {isa = PBXFileReference; fileEncoding = 4; lastKnownFileType = sourcecode.make; path = Makefile; sourceTree = "<group>"; };
		A9214EB71657952900315E60 /* polygon.cpp */ = {isa = PBXFileReference; fileEncoding = 4; lastKnownFileType = sourcecode.cpp.cpp; path = polygon.cpp; sourceTree = "<group>"; };
		A9214EB81657952900315E60 /* polygon.h */ = {isa = PBXFileReference; fileEncoding = 4; lastKnownFileType = sourcecode.c.h; path = polygon.h; sourceTree = "<group>"; };
		A9214EBA1657957900315E60 /* point.cpp */ = {isa = PBXFileReference; fileEncoding = 4; lastKnownFileType = sourcecode.cpp.cpp; path = point.cpp; sourceTree = "<group>"; };
		A9214EBB1657957900315E60 /* point.h */ = {isa = PBXFileReference; fileEncoding = 4; lastKnownFileType = sourcecode.c.h; path = point.h; sourceTree = "<group>"; };
		A9214EBD1657965800315E60 /* vector.cpp */ = {isa = PBXFileReference; fileEncoding = 4; lastKnownFileType = sourcecode.cpp.cpp; path = vector.cpp; sourceTree = "<group>"; };
		A9214EBE1657965800315E60 /* vector.h */ = {isa = PBXFileReference; fileEncoding = 4; lastKnownFileType = sourcecode.c.h; path = vector.h; sourceTree = "<group>"; };
		A9214EC016579CF500315E60 /* serialization.cpp */ = {isa = PBXFileReference; fileEncoding = 4; lastKnownFileType = sourcecode.cpp.cpp; path = serialization.cpp; sourceTree = "<group>"; };
		A9214EC116579CF500315E60 /* serialization.h */ = {isa = PBXFileReference; fileEncoding = 4; lastKnownFileType = sourcecode.c.h; path = serialization.h; sourceTree = "<group>"; };
		A9214EC31657A3AF00315E60 /* bezier.cpp */ = {isa = PBXFileReference; fileEncoding = 4; lastKnownFileType = sourcecode.cpp.cpp; path = bezier.cpp; sourceTree = "<group>"; };
		A9214EC41657A3AF00315E60 /* bezier.h */ = {isa = PBXFileReference; fileEncoding = 4; lastKnownFileType = sourcecode.c.h; path = bezier.h; sourceTree = "<group>"; };
		A9214EC71658617400315E60 /* bezier_test.cpp */ = {isa = PBXFileReference; fileEncoding = 4; lastKnownFileType = sourcecode.cpp.cpp; path = bezier_test.cpp; sourceTree = "<group>"; };
		A9214EC81658617400315E60 /* bezier_test.h */ = {isa = PBXFileReference; fileEncoding = 4; lastKnownFileType = sourcecode.c.h; path = bezier_test.h; sourceTree = "<group>"; };
		A9214ECE165863A600315E60 /* test */ = {isa = PBXFileReference; explicitFileType = "compiled.mach-o.executable"; includeInIndex = 0; path = test; sourceTree = BUILT_PRODUCTS_DIR; };
		A9214ED81658640F00315E60 /* runner.cpp */ = {isa = PBXFileReference; fileEncoding = 4; lastKnownFileType = sourcecode.cpp.cpp; path = runner.cpp; sourceTree = "<group>"; };
		A9214EE716586AAB00315E60 /* Makefile */ = {isa = PBXFileReference; fileEncoding = 4; lastKnownFileType = sourcecode.make; path = Makefile; sourceTree = "<group>"; };
		A9214EEA16587AEC00315E60 /* poly.cpp */ = {isa = PBXFileReference; fileEncoding = 4; lastKnownFileType = sourcecode.cpp.cpp; name = poly.cpp; path = ../poly.cpp; sourceTree = "<group>"; };
		A9214EEC1658973100315E60 /* libboost_unit_test_framework.a */ = {isa = PBXFileReference; lastKnownFileType = archive.ar; name = libboost_unit_test_framework.a; path = ../../../../../../../../usr/local/lib/libboost_unit_test_framework.a; sourceTree = "<group>"; };
		A9214EEE1658AC9100315E60 /* libboost_unit_test_framework-mt.dylib */ = {isa = PBXFileReference; lastKnownFileType = "compiled.mach-o.dylib"; name = "libboost_unit_test_framework-mt.dylib"; path = "../../../../../../../../usr/local/Cellar/boost/1.50.0/lib/libboost_unit_test_framework-mt.dylib"; sourceTree = "<group>"; };
/* End PBXFileReference section */

/* Begin PBXFrameworksBuildPhase section */
		A9214E1A1653438F00315E60 /* Frameworks */ = {
			isa = PBXFrameworksBuildPhase;
			buildActionMask = 2147483647;
			files = (
				A9214EAA1653453100315E60 /* libxml2.dylib in Frameworks */,
				A9214E601653448100315E60 /* libsvg2.a in Frameworks */,
			);
			runOnlyForDeploymentPostprocessing = 0;
		};
		A9214E35165343D500315E60 /* Frameworks */ = {
			isa = PBXFrameworksBuildPhase;
			buildActionMask = 2147483647;
			files = (
			);
			runOnlyForDeploymentPostprocessing = 0;
		};
		A9214ECB165863A600315E60 /* Frameworks */ = {
			isa = PBXFrameworksBuildPhase;
			buildActionMask = 2147483647;
			files = (
				A9214EEF1658AC9100315E60 /* libboost_unit_test_framework-mt.dylib in Frameworks */,
			);
			runOnlyForDeploymentPostprocessing = 0;
		};
/* End PBXFrameworksBuildPhase section */

/* Begin PBXGroup section */
		A9214E121653438F00315E60 = {
			isa = PBXGroup;
			children = (
				A9214EEE1658AC9100315E60 /* libboost_unit_test_framework-mt.dylib */,
				A9214EEC1658973100315E60 /* libboost_unit_test_framework.a */,
				A9214EEA16587AEC00315E60 /* poly.cpp */,
				A9214E2F165343B100315E60 /* poly */,
				A9214EC61658615000315E60 /* tests */,
				A9214EAB1653455100315E60 /* resources */,
				A9214E3C1653440100315E60 /* libsvg2 */,
				A9214EA91653453100315E60 /* libxml2.dylib */,
				A9214E1E1653438F00315E60 /* Products */,
			);
			sourceTree = "<group>";
		};
		A9214E1E1653438F00315E60 /* Products */ = {
			isa = PBXGroup;
			children = (
				A9214E1D1653438F00315E60 /* poly */,
				A9214E38165343D500315E60 /* libsvg2.a */,
				A9214ECE165863A600315E60 /* test */,
			);
			name = Products;
			sourceTree = "<group>";
		};
		A9214E2F165343B100315E60 /* poly */ = {
			isa = PBXGroup;
			children = (
				A9214EB41653468C00315E60 /* Makefile */,
				A9214EB71657952900315E60 /* polygon.cpp */,
				A9214EB81657952900315E60 /* polygon.h */,
				A9214EBA1657957900315E60 /* point.cpp */,
				A9214EBB1657957900315E60 /* point.h */,
				A9214EBD1657965800315E60 /* vector.cpp */,
				A9214EBE1657965800315E60 /* vector.h */,
				A9214EC016579CF500315E60 /* serialization.cpp */,
				A9214EC116579CF500315E60 /* serialization.h */,
				A9214EC31657A3AF00315E60 /* bezier.cpp */,
				A9214EC41657A3AF00315E60 /* bezier.h */,
			);
			name = poly;
			path = ../sources;
			sourceTree = "<group>";
		};
		A9214E3C1653440100315E60 /* libsvg2 */ = {
			isa = PBXGroup;
			children = (
				A9214E85165344E400315E60 /* sources */,
				A9214E63165344CF00315E60 /* include */,
			);
			name = libsvg2;
			path = ../libsvg2;
			sourceTree = "<group>";
		};
		A9214E63165344CF00315E60 /* include */ = {
			isa = PBXGroup;
			children = (
				A9214E64165344CF00315E60 /* parser */,
				A9214E70165344CF00315E60 /* svg.h */,
				A9214E71165344CF00315E60 /* svg_errors.h */,
				A9214E72165344CF00315E60 /* svg_string.h */,
				A9214E73165344CF00315E60 /* svg_types.h */,
				A9214E74165344CF00315E60 /* svg_xml.h */,
			);
			path = include;
			sourceTree = "<group>";
		};
		A9214E64165344CF00315E60 /* parser */ = {
			isa = PBXGroup;
			children = (
				A9214E65165344CF00315E60 /* svg_parser.h */,
				A9214E66165344CF00315E60 /* svg_parser_circle.h */,
				A9214E67165344CF00315E60 /* svg_parser_desc.h */,
				A9214E68165344CF00315E60 /* svg_parser_ellipse.h */,
				A9214E69165344CF00315E60 /* svg_parser_group.h */,
				A9214E6A165344CF00315E60 /* svg_parser_line.h */,
				A9214E6B165344CF00315E60 /* svg_parser_path.h */,
				A9214E6C165344CF00315E60 /* svg_parser_polygon.h */,
				A9214E6D165344CF00315E60 /* svg_parser_polyline.h */,
				A9214E6E165344CF00315E60 /* svg_parser_rect.h */,
				A9214E6F165344CF00315E60 /* svg_parser_title.h */,
			);
			path = parser;
			sourceTree = "<group>";
		};
		A9214E85165344E400315E60 /* sources */ = {
			isa = PBXGroup;
			children = (
				A9214E86165344E400315E60 /* Makefile */,
				A9214E87165344E400315E60 /* parser */,
				A9214E93165344E400315E60 /* svg.c */,
				A9214E94165344E400315E60 /* svg_errors.c */,
				A9214E95165344E400315E60 /* svg_string.c */,
				A9214E96165344E400315E60 /* svg_types.c */,
				A9214E97165344E400315E60 /* svg_xml.c */,
			);
			path = sources;
			sourceTree = "<group>";
		};
		A9214E87165344E400315E60 /* parser */ = {
			isa = PBXGroup;
			children = (
				A9214E88165344E400315E60 /* svg_parser.c */,
				A9214E89165344E400315E60 /* svg_parser_circle.c */,
				A9214E8A165344E400315E60 /* svg_parser_desc.c */,
				A9214E8B165344E400315E60 /* svg_parser_ellipse.c */,
				A9214E8C165344E400315E60 /* svg_parser_group.c */,
				A9214E8D165344E400315E60 /* svg_parser_line.c */,
				A9214E8E165344E400315E60 /* svg_parser_path.c */,
				A9214E8F165344E400315E60 /* svg_parser_polygon.c */,
				A9214E90165344E400315E60 /* svg_parser_polyline.c */,
				A9214E91165344E400315E60 /* svg_parser_rect.c */,
				A9214E92165344E400315E60 /* svg_parser_title.c */,
			);
			path = parser;
			sourceTree = "<group>";
		};
		A9214EAB1653455100315E60 /* resources */ = {
			isa = PBXGroup;
			children = (
				A9214EAC1653455100315E60 /* AZ0016_1.svg */,
				A9214EAD1653455100315E60 /* CA1820_1.svg */,
				A9214EAE1653455100315E60 /* CA1820_2.svg */,
			);
			name = resources;
			path = ../resources;
			sourceTree = "<group>";
		};
		A9214EC61658615000315E60 /* tests */ = {
			isa = PBXGroup;
			children = (
				A9214EE716586AAB00315E60 /* Makefile */,
				A9214EC71658617400315E60 /* bezier_test.cpp */,
				A9214EC81658617400315E60 /* bezier_test.h */,
				A9214ED81658640F00315E60 /* runner.cpp */,
			);
			name = tests;
			path = ../tests;
			sourceTree = "<group>";
		};
/* End PBXGroup section */

/* Begin PBXHeadersBuildPhase section */
		A9214E36165343D500315E60 /* Headers */ = {
			isa = PBXHeadersBuildPhase;
			buildActionMask = 2147483647;
			files = (
				A9214E75165344CF00315E60 /* svg_parser.h in Headers */,
				A9214E76165344CF00315E60 /* svg_parser_circle.h in Headers */,
				A9214E77165344CF00315E60 /* svg_parser_desc.h in Headers */,
				A9214E78165344CF00315E60 /* svg_parser_ellipse.h in Headers */,
				A9214E79165344CF00315E60 /* svg_parser_group.h in Headers */,
				A9214E7A165344CF00315E60 /* svg_parser_line.h in Headers */,
				A9214E7B165344CF00315E60 /* svg_parser_path.h in Headers */,
				A9214E7C165344CF00315E60 /* svg_parser_polygon.h in Headers */,
				A9214E7D165344CF00315E60 /* svg_parser_polyline.h in Headers */,
				A9214E7E165344CF00315E60 /* svg_parser_rect.h in Headers */,
				A9214E7F165344CF00315E60 /* svg_parser_title.h in Headers */,
				A9214E80165344CF00315E60 /* svg.h in Headers */,
				A9214E81165344CF00315E60 /* svg_errors.h in Headers */,
				A9214E82165344CF00315E60 /* svg_string.h in Headers */,
				A9214E83165344CF00315E60 /* svg_types.h in Headers */,
				A9214E84165344CF00315E60 /* svg_xml.h in Headers */,
			);
			runOnlyForDeploymentPostprocessing = 0;
		};
/* End PBXHeadersBuildPhase section */

/* Begin PBXNativeTarget section */
		A9214E1C1653438F00315E60 /* poly */ = {
			isa = PBXNativeTarget;
			buildConfigurationList = A9214E271653438F00315E60 /* Build configuration list for PBXNativeTarget "poly" */;
			buildPhases = (
				A9214E191653438F00315E60 /* Sources */,
				A9214E1A1653438F00315E60 /* Frameworks */,
				A9214E1B1653438F00315E60 /* CopyFiles */,
			);
			buildRules = (
			);
			dependencies = (
				A9214E621653448800315E60 /* PBXTargetDependency */,
			);
			name = poly;
			productName = poly;
			productReference = A9214E1D1653438F00315E60 /* poly */;
			productType = "com.apple.product-type.tool";
		};
		A9214E37165343D500315E60 /* libsvg2 */ = {
			isa = PBXNativeTarget;
			buildConfigurationList = A9214E39165343D500315E60 /* Build configuration list for PBXNativeTarget "libsvg2" */;
			buildPhases = (
				A9214E34165343D500315E60 /* Sources */,
				A9214E35165343D500315E60 /* Frameworks */,
				A9214E36165343D500315E60 /* Headers */,
			);
			buildRules = (
			);
			dependencies = (
			);
			name = libsvg2;
			productName = libsvg2;
			productReference = A9214E38165343D500315E60 /* libsvg2.a */;
			productType = "com.apple.product-type.library.static";
		};
		A9214ECD165863A600315E60 /* test */ = {
			isa = PBXNativeTarget;
			buildConfigurationList = A9214ED5165863A600315E60 /* Build configuration list for PBXNativeTarget "test" */;
			buildPhases = (
				A9214ECA165863A600315E60 /* Sources */,
				A9214ECB165863A600315E60 /* Frameworks */,
				A9214ECC165863A600315E60 /* CopyFiles */,
			);
			buildRules = (
			);
			dependencies = (
			);
			name = test;
			productName = test;
			productReference = A9214ECE165863A600315E60 /* test */;
			productType = "com.apple.product-type.tool";
		};
/* End PBXNativeTarget section */

/* Begin PBXProject section */
		A9214E141653438F00315E60 /* Project object */ = {
			isa = PBXProject;
			attributes = {
				LastUpgradeCheck = 0450;
				ORGANIZATIONNAME = "Synergy Media";
			};
			buildConfigurationList = A9214E171653438F00315E60 /* Build configuration list for PBXProject "poly" */;
			compatibilityVersion = "Xcode 3.2";
			developmentRegion = English;
			hasScannedForEncodings = 0;
			knownRegions = (
				en,
			);
			mainGroup = A9214E121653438F00315E60;
			productRefGroup = A9214E1E1653438F00315E60 /* Products */;
			projectDirPath = "";
			projectRoot = "";
			targets = (
				A9214E1C1653438F00315E60 /* poly */,
				A9214E37165343D500315E60 /* libsvg2 */,
				A9214ECD165863A600315E60 /* test */,
			);
		};
/* End PBXProject section */

/* Begin PBXSourcesBuildPhase section */
		A9214E191653438F00315E60 /* Sources */ = {
			isa = PBXSourcesBuildPhase;
			buildActionMask = 2147483647;
			files = (
				A9214EB91657952900315E60 /* polygon.cpp in Sources */,
				A9214EBC1657957900315E60 /* point.cpp in Sources */,
				A9214EBF1657965800315E60 /* vector.cpp in Sources */,
				A9214EC216579CF500315E60 /* serialization.cpp in Sources */,
				A9214EC51657A3AF00315E60 /* bezier.cpp in Sources */,
				A9214EE816586AAB00315E60 /* Makefile in Sources */,
				A9214EEB16587AEC00315E60 /* poly.cpp in Sources */,
			);
			runOnlyForDeploymentPostprocessing = 0;
		};
		A9214E34165343D500315E60 /* Sources */ = {
			isa = PBXSourcesBuildPhase;
			buildActionMask = 2147483647;
			files = (
				A9214E99165344E400315E60 /* svg_parser.c in Sources */,
				A9214E9A165344E400315E60 /* svg_parser_circle.c in Sources */,
				A9214E9B165344E400315E60 /* svg_parser_desc.c in Sources */,
				A9214E9C165344E400315E60 /* svg_parser_ellipse.c in Sources */,
				A9214E9D165344E400315E60 /* svg_parser_group.c in Sources */,
				A9214E9E165344E400315E60 /* svg_parser_line.c in Sources */,
				A9214E9F165344E400315E60 /* svg_parser_path.c in Sources */,
				A9214EA0165344E400315E60 /* svg_parser_polygon.c in Sources */,
				A9214EA1165344E400315E60 /* svg_parser_polyline.c in Sources */,
				A9214EA2165344E400315E60 /* svg_parser_rect.c in Sources */,
				A9214EA3165344E400315E60 /* svg_parser_title.c in Sources */,
				A9214EA4165344E400315E60 /* svg.c in Sources */,
				A9214EA5165344E400315E60 /* svg_errors.c in Sources */,
				A9214EA6165344E400315E60 /* svg_string.c in Sources */,
				A9214EA7165344E400315E60 /* svg_types.c in Sources */,
				A9214EA8165344E400315E60 /* svg_xml.c in Sources */,
			);
			runOnlyForDeploymentPostprocessing = 0;
		};
		A9214ECA165863A600315E60 /* Sources */ = {
			isa = PBXSourcesBuildPhase;
			buildActionMask = 2147483647;
			files = (
				A9214EE01658666400315E60 /* bezier_test.cpp in Sources */,
				A9214EE21658678600315E60 /* polygon.cpp in Sources */,
				A9214EE31658678600315E60 /* point.cpp in Sources */,
				A9214EE41658678600315E60 /* vector.cpp in Sources */,
				A9214EE51658678600315E60 /* serialization.cpp in Sources */,
				A9214EE61658678600315E60 /* bezier.cpp in Sources */,
				A9214EE9165876B000315E60 /* runner.cpp in Sources */,
			);
			runOnlyForDeploymentPostprocessing = 0;
		};
/* End PBXSourcesBuildPhase section */

/* Begin PBXTargetDependency section */
		A9214E621653448800315E60 /* PBXTargetDependency */ = {
			isa = PBXTargetDependency;
			target = A9214E37165343D500315E60 /* libsvg2 */;
			targetProxy = A9214E611653448800315E60 /* PBXContainerItemProxy */;
		};
/* End PBXTargetDependency section */

/* Begin XCBuildConfiguration section */
		A9214E251653438F00315E60 /* Debug */ = {
			isa = XCBuildConfiguration;
			buildSettings = {
				ALWAYS_SEARCH_USER_PATHS = NO;
				ARCHS = "$(ARCHS_STANDARD_64_BIT)";
				CLANG_CXX_LANGUAGE_STANDARD = "gnu++0x";
				CLANG_CXX_LIBRARY = "libc++";
				CLANG_WARN_EMPTY_BODY = YES;
				CLANG_WARN__DUPLICATE_METHOD_MATCH = YES;
				COPY_PHASE_STRIP = NO;
				GCC_C_LANGUAGE_STANDARD = gnu99;
				GCC_DYNAMIC_NO_PIC = NO;
				GCC_ENABLE_OBJC_EXCEPTIONS = YES;
				GCC_OPTIMIZATION_LEVEL = 0;
				GCC_PREPROCESSOR_DEFINITIONS = (
					"DEBUG=1",
					"$(inherited)",
				);
				GCC_SYMBOLS_PRIVATE_EXTERN = NO;
				GCC_VERSION = com.apple.compilers.llvmgcc42;
				GCC_WARN_64_TO_32_BIT_CONVERSION = YES;
				GCC_WARN_ABOUT_RETURN_TYPE = YES;
				GCC_WARN_UNINITIALIZED_AUTOS = YES;
				GCC_WARN_UNUSED_VARIABLE = YES;
				HEADER_SEARCH_PATHS = (
					/usr/include/libxml2,
					"$(SRCROOT)/../libsvg2/include",
				);
				MACOSX_DEPLOYMENT_TARGET = 10.8;
				ONLY_ACTIVE_ARCH = YES;
				SDKROOT = macosx;
			};
			name = Debug;
		};
		A9214E261653438F00315E60 /* Release */ = {
			isa = XCBuildConfiguration;
			buildSettings = {
				ALWAYS_SEARCH_USER_PATHS = NO;
				ARCHS = "$(ARCHS_STANDARD_64_BIT)";
				CLANG_CXX_LANGUAGE_STANDARD = "gnu++0x";
				CLANG_CXX_LIBRARY = "libc++";
				CLANG_WARN_EMPTY_BODY = YES;
				CLANG_WARN__DUPLICATE_METHOD_MATCH = YES;
				COPY_PHASE_STRIP = YES;
				DEBUG_INFORMATION_FORMAT = "dwarf-with-dsym";
				GCC_C_LANGUAGE_STANDARD = gnu99;
				GCC_ENABLE_OBJC_EXCEPTIONS = YES;
				GCC_VERSION = com.apple.compilers.llvmgcc42;
				GCC_WARN_64_TO_32_BIT_CONVERSION = YES;
				GCC_WARN_ABOUT_RETURN_TYPE = YES;
				GCC_WARN_UNINITIALIZED_AUTOS = YES;
				GCC_WARN_UNUSED_VARIABLE = YES;
				HEADER_SEARCH_PATHS = (
					/usr/include/libxml2,
					"$(SRCROOT)/../libsvg2/include",
				);
				MACOSX_DEPLOYMENT_TARGET = 10.8;
				SDKROOT = macosx;
			};
			name = Release;
		};
		A9214E281653438F00315E60 /* Debug */ = {
			isa = XCBuildConfiguration;
			buildSettings = {
				PRODUCT_NAME = "$(TARGET_NAME)";
			};
			name = Debug;
		};
		A9214E291653438F00315E60 /* Release */ = {
			isa = XCBuildConfiguration;
			buildSettings = {
				PRODUCT_NAME = "$(TARGET_NAME)";
			};
			name = Release;
		};
		A9214E3A165343D500315E60 /* Debug */ = {
			isa = XCBuildConfiguration;
			buildSettings = {
				EXECUTABLE_PREFIX = "";
				PRODUCT_NAME = "$(TARGET_NAME)";
			};
			name = Debug;
		};
		A9214E3B165343D500315E60 /* Release */ = {
			isa = XCBuildConfiguration;
			buildSettings = {
				EXECUTABLE_PREFIX = "";
				PRODUCT_NAME = "$(TARGET_NAME)";
			};
			name = Release;
		};
		A9214ED6165863A600315E60 /* Debug */ = {
			isa = XCBuildConfiguration;
			buildSettings = {
				HEADER_SEARCH_PATHS = (
					/usr/local/include,
					"$(inherited)",
				);
				LIBRARY_SEARCH_PATHS = (
					"$(inherited)",
					/usr/local/Cellar/boost/1.50.0/lib,
				);
				OTHER_LDFLAGS = "";
				PRODUCT_NAME = "$(TARGET_NAME)";
			};
			name = Debug;
		};
		A9214ED7165863A600315E60 /* Release */ = {
			isa = XCBuildConfiguration;
			buildSettings = {
				HEADER_SEARCH_PATHS = (
					/usr/local/include,
					"$(inherited)",
				);
				LIBRARY_SEARCH_PATHS = (
					"$(inherited)",
					/usr/local/Cellar/boost/1.50.0/lib,
				);
				OTHER_LDFLAGS = "";
				PRODUCT_NAME = "$(TARGET_NAME)";
			};
			name = Release;
		};
/* End XCBuildConfiguration section */

/* Begin XCConfigurationList section */
		A9214E171653438F00315E60 /* Build configuration list for PBXProject "poly" */ = {
			isa = XCConfigurationList;
			buildConfigurations = (
				A9214E251653438F00315E60 /* Debug */,
				A9214E261653438F00315E60 /* Release */,
			);
			defaultConfigurationIsVisible = 0;
			defaultConfigurationName = Release;
		};
		A9214E271653438F00315E60 /* Build configuration list for PBXNativeTarget "poly" */ = {
			isa = XCConfigurationList;
			buildConfigurations = (
				A9214E281653438F00315E60 /* Debug */,
				A9214E291653438F00315E60 /* Release */,
			);
			defaultConfigurationIsVisible = 0;
			defaultConfigurationName = Release;
		};
		A9214E39165343D500315E60 /* Build configuration list for PBXNativeTarget "libsvg2" */ = {
			isa = XCConfigurationList;
			buildConfigurations = (
				A9214E3A165343D500315E60 /* Debug */,
				A9214E3B165343D500315E60 /* Release */,
			);
			defaultConfigurationIsVisible = 0;
		};
		A9214ED5165863A600315E60 /* Build configuration list for PBXNativeTarget "test" */ = {
			isa = XCConfigurationList;
			buildConfigurations = (
				A9214ED6165863A600315E60 /* Debug */,
				A9214ED7165863A600315E60 /* Release */,
			);
			defaultConfigurationIsVisible = 0;
		};
/* End XCConfigurationList section */
	};
	rootObject = A9214E141653438F00315E60 /* Project object */;
}
